
Microsoft Visual Studio Solution File, Format Version 12.00
# Visual Studio Version 17
VisualStudioVersion = 17.9.34723.18
MinimumVisualStudioVersion = 10.0.40219.1
Project("{9A19103F-16F7-4668-BE54-9A1E7A4F7556}") = "lab_3_TA", "lab_3_TA.csproj", "{04A93F03-B412-42D0-A61C-A6F7917C0E14}"
EndProject
Project("{9A19103F-16F7-4668-BE54-9A1E7A4F7556}") = "lab_3_TA_2", "..\lab_3_TA_2\lab_3_TA_2.csproj", "{AFFFF730-F91E-43F0-A141-7E8465627460}"
EndProject
Project("{FAE04EC0-301F-11D3-BF4B-00C04F79EFBC}") = "lab_3_TA_3", "..\lab_3_TA_3\lab_3_TA_3.csproj", "{C5196B4E-3FF8-4F4B-A10E-D5743059A359}"
EndProject
Global
	GlobalSection(SolutionConfigurationPlatforms) = preSolution
		Debug|Any CPU = Debug|Any CPU
		Release|Any CPU = Release|Any CPU
	EndGlobalSection
	GlobalSection(ProjectConfigurationPlatforms) = postSolution
		{04A93F03-B412-42D0-A61C-A6F7917C0E14}.Debug|Any CPU.ActiveCfg = Debug|Any CPU
		{04A93F03-B412-42D0-A61C-A6F7917C0E14}.Debug|Any CPU.Build.0 = Debug|Any CPU
		{04A93F03-B412-42D0-A61C-A6F7917C0E14}.Release|Any CPU.ActiveCfg = Release|Any CPU
		{04A93F03-B412-42D0-A61C-A6F7917C0E14}.Release|Any CPU.Build.0 = Release|Any CPU
		{AFFFF730-F91E-43F0-A141-7E8465627460}.Debug|Any CPU.ActiveCfg = Debug|Any CPU
		{AFFFF730-F91E-43F0-A141-7E8465627460}.Debug|Any CPU.Build.0 = Debug|Any CPU
		{AFFFF730-F91E-43F0-A141-7E8465627460}.Release|Any CPU.ActiveCfg = Release|Any CPU
		{AFFFF730-F91E-43F0-A141-7E8465627460}.Release|Any CPU.Build.0 = Release|Any CPU
		{C5196B4E-3FF8-4F4B-A10E-D5743059A359}.Debug|Any CPU.ActiveCfg = Debug|Any CPU
		{C5196B4E-3FF8-4F4B-A10E-D5743059A359}.Debug|Any CPU.Build.0 = Debug|Any CPU
		{C5196B4E-3FF8-4F4B-A10E-D5743059A359}.Release|Any CPU.ActiveCfg = Release|Any CPU
		{C5196B4E-3FF8-4F4B-A10E-D5743059A359}.Release|Any CPU.Build.0 = Release|Any CPU
	EndGlobalSection
	GlobalSection(SolutionProperties) = preSolution
		HideSolutionNode = FALSE
	EndGlobalSection
	GlobalSection(ExtensibilityGlobals) = postSolution
		SolutionGuid = {B449AC27-87AA-4A85-A0ED-49C879B46D2E}
	EndGlobalSection
EndGlobal
